
Microsoft Visual Studio Solution File, Format Version 12.00
# Visual Studio Version 17
VisualStudioVersion = 17.6.33723.286
MinimumVisualStudioVersion = 10.0.40219.1
Project("{FAE04EC0-301F-11D3-BF4B-00C04F79EFBC}") = "ArrayExercise", "ArrayExercise\ArrayExercise.csproj", "{9E4BF710-5FB4-4997-BD71-26231DE932AA}"
EndProject
Global
	GlobalSection(SolutionConfigurationPlatforms) = preSolution
		Debug|Any CPU = Debug|Any CPU
		Release|Any CPU = Release|Any CPU
	EndGlobalSection
	GlobalSection(ProjectConfigurationPlatforms) = postSolution
		{9E4BF710-5FB4-4997-BD71-26231DE932AA}.Debug|Any CPU.ActiveCfg = Debug|Any CPU
		{9E4BF710-5FB4-4997-BD71-26231DE932AA}.Debug|Any CPU.Build.0 = Debug|Any CPU
		{9E4BF710-5FB4-4997-BD71-26231DE932AA}.Release|Any CPU.ActiveCfg = Release|Any CPU
		{9E4BF710-5FB4-4997-BD71-26231DE932AA}.Release|Any CPU.Build.0 = Release|Any CPU
	EndGlobalSection
	GlobalSection(SolutionProperties) = preSolution
		HideSolutionNode = FALSE
	EndGlobalSection
	GlobalSection(ExtensibilityGlobals) = postSolution
		SolutionGuid = {0DF03594-01CD-4D54-956C-A99E08BBAB00}
	EndGlobalSection
EndGlobal
